// !$*UTF8*$!
{
	archiveVersion = 1;
	classes = {
	};
	objectVersion = 48;
	objects = {

/* Begin PBXBuildFile section */
		3DA9DC5A204FE40100DA934E /* DDAsyncSocket.m in Sources */ = {isa = PBXBuildFile; fileRef = 3DA9DC52204FE40100DA934E /* DDAsyncSocket.m */; };
		3DA9DC5B204FE40100DA934E /* DDTCPClient.m in Sources */ = {isa = PBXBuildFile; fileRef = 3DA9DC54204FE40100DA934E /* DDTCPClient.m */; };
		3DA9DC5C204FE40100DA934E /* GCDAsyncSocket.m in Sources */ = {isa = PBXBuildFile; fileRef = 3DA9DC57204FE40100DA934E /* GCDAsyncSocket.m */; };
		3DA9DC5D204FE40100DA934E /* GCDAsyncUdpSocket.m in Sources */ = {isa = PBXBuildFile; fileRef = 3DA9DC59204FE40100DA934E /* GCDAsyncUdpSocket.m */; };
		3DB790E720427B2E00D56BBD /* AppDelegate.m in Sources */ = {isa = PBXBuildFile; fileRef = 3DB790E620427B2E00D56BBD /* AppDelegate.m */; };
		3DB790EA20427B2E00D56BBD /* ViewController.m in Sources */ = {isa = PBXBuildFile; fileRef = 3DB790E920427B2E00D56BBD /* ViewController.m */; };
		3DB790ED20427B2E00D56BBD /* Main.storyboard in Resources */ = {isa = PBXBuildFile; fileRef = 3DB790EB20427B2E00D56BBD /* Main.storyboard */; };
		3DB790EF20427B2E00D56BBD /* Assets.xcassets in Resources */ = {isa = PBXBuildFile; fileRef = 3DB790EE20427B2E00D56BBD /* Assets.xcassets */; };
		3DB790F220427B2E00D56BBD /* LaunchScreen.storyboard in Resources */ = {isa = PBXBuildFile; fileRef = 3DB790F020427B2E00D56BBD /* LaunchScreen.storyboard */; };
		3DB790F520427B2E00D56BBD /* main.m in Sources */ = {isa = PBXBuildFile; fileRef = 3DB790F420427B2E00D56BBD /* main.m */; };
		3DB790FF20427B2E00D56BBD /* DDTCPClientTests.m in Sources */ = {isa = PBXBuildFile; fileRef = 3DB790FE20427B2E00D56BBD /* DDTCPClientTests.m */; };
		3DB7910A20427B2E00D56BBD /* DDTCPClientUITests.m in Sources */ = {isa = PBXBuildFile; fileRef = 3DB7910920427B2E00D56BBD /* DDTCPClientUITests.m */; };
		6B3BCB4F93AC9CA1DAEE61A6 /* libPods-DDTCPClient.a in Frameworks */ = {isa = PBXBuildFile; fileRef = 0710BC976C60C09D6BD1299A /* libPods-DDTCPClient.a */; };
/* End PBXBuildFile section */

/* Begin PBXContainerItemProxy section */
		3DB790FB20427B2E00D56BBD /* PBXContainerItemProxy */ = {
			isa = PBXContainerItemProxy;
			containerPortal = 3DB790DA20427B2E00D56BBD /* Project object */;
			proxyType = 1;
			remoteGlobalIDString = 3DB790E120427B2E00D56BBD;
			remoteInfo = DDTCPClient;
		};
		3DB7910620427B2E00D56BBD /* PBXContainerItemProxy */ = {
			isa = PBXContainerItemProxy;
			containerPortal = 3DB790DA20427B2E00D56BBD /* Project object */;
			proxyType = 1;
			remoteGlobalIDString = 3DB790E120427B2E00D56BBD;
			remoteInfo = DDTCPClient;
		};
/* End PBXContainerItemProxy section */

/* Begin PBXFileReference section */
		0710BC976C60C09D6BD1299A /* libPods-DDTCPClient.a */ = {isa = PBXFileReference; explicitFileType = archive.ar; includeInIndex = 0; path = "libPods-DDTCPClient.a"; sourceTree = BUILT_PRODUCTS_DIR; };
		1AC64F6715D5F53CBF4EFA06 /* Pods-DDTCPClient.release.xcconfig */ = {isa = PBXFileReference; includeInIndex = 1; lastKnownFileType = text.xcconfig; name = "Pods-DDTCPClient.release.xcconfig"; path = "Pods/Target Support Files/Pods-DDTCPClient/Pods-DDTCPClient.release.xcconfig"; sourceTree = "<group>"; };
		3DA9DC51204FE40100DA934E /* DDAsyncSocket.h */ = {isa = PBXFileReference; fileEncoding = 4; lastKnownFileType = sourcecode.c.h; path = DDAsyncSocket.h; sourceTree = "<group>"; };
		3DA9DC52204FE40100DA934E /* DDAsyncSocket.m */ = {isa = PBXFileReference; fileEncoding = 4; lastKnownFileType = sourcecode.c.objc; path = DDAsyncSocket.m; sourceTree = "<group>"; };
		3DA9DC53204FE40100DA934E /* DDTCPClient.h */ = {isa = PBXFileReference; fileEncoding = 4; lastKnownFileType = sourcecode.c.h; path = DDTCPClient.h; sourceTree = "<group>"; };
		3DA9DC54204FE40100DA934E /* DDTCPClient.m */ = {isa = PBXFileReference; fileEncoding = 4; lastKnownFileType = sourcecode.c.objc; path = DDTCPClient.m; sourceTree = "<group>"; };
		3DA9DC56204FE40100DA934E /* GCDAsyncSocket.h */ = {isa = PBXFileReference; fileEncoding = 4; lastKnownFileType = sourcecode.c.h; path = GCDAsyncSocket.h; sourceTree = "<group>"; };
		3DA9DC57204FE40100DA934E /* GCDAsyncSocket.m */ = {isa = PBXFileReference; fileEncoding = 4; lastKnownFileType = sourcecode.c.objc; path = GCDAsyncSocket.m; sourceTree = "<group>"; };
		3DA9DC58204FE40100DA934E /* GCDAsyncUdpSocket.h */ = {isa = PBXFileReference; fileEncoding = 4; lastKnownFileType = sourcecode.c.h; path = GCDAsyncUdpSocket.h; sourceTree = "<group>"; };
		3DA9DC59204FE40100DA934E /* GCDAsyncUdpSocket.m */ = {isa = PBXFileReference; fileEncoding = 4; lastKnownFileType = sourcecode.c.objc; path = GCDAsyncUdpSocket.m; sourceTree = "<group>"; };
		3DB790E220427B2E00D56BBD /* DDTCPClient.app */ = {isa = PBXFileReference; explicitFileType = wrapper.application; includeInIndex = 0; path = DDTCPClient.app; sourceTree = BUILT_PRODUCTS_DIR; };
		3DB790E520427B2E00D56BBD /* AppDelegate.h */ = {isa = PBXFileReference; lastKnownFileType = sourcecode.c.h; path = AppDelegate.h; sourceTree = "<group>"; };
		3DB790E620427B2E00D56BBD /* AppDelegate.m */ = {isa = PBXFileReference; lastKnownFileType = sourcecode.c.objc; path = AppDelegate.m; sourceTree = "<group>"; };
		3DB790E820427B2E00D56BBD /* ViewController.h */ = {isa = PBXFileReference; lastKnownFileType = sourcecode.c.h; path = ViewController.h; sourceTree = "<group>"; };
		3DB790E920427B2E00D56BBD /* ViewController.m */ = {isa = PBXFileReference; lastKnownFileType = sourcecode.c.objc; path = ViewController.m; sourceTree = "<group>"; };
		3DB790EC20427B2E00D56BBD /* Base */ = {isa = PBXFileReference; lastKnownFileType = file.storyboard; name = Base; path = Base.lproj/Main.storyboard; sourceTree = "<group>"; };
		3DB790EE20427B2E00D56BBD /* Assets.xcassets */ = {isa = PBXFileReference; lastKnownFileType = folder.assetcatalog; path = Assets.xcassets; sourceTree = "<group>"; };
		3DB790F120427B2E00D56BBD /* Base */ = {isa = PBXFileReference; lastKnownFileType = file.storyboard; name = Base; path = Base.lproj/LaunchScreen.storyboard; sourceTree = "<group>"; };
		3DB790F320427B2E00D56BBD /* Info.plist */ = {isa = PBXFileReference; lastKnownFileType = text.plist.xml; path = Info.plist; sourceTree = "<group>"; };
		3DB790F420427B2E00D56BBD /* main.m */ = {isa = PBXFileReference; lastKnownFileType = sourcecode.c.objc; path = main.m; sourceTree = "<group>"; };
		3DB790FA20427B2E00D56BBD /* DDTCPClientTests.xctest */ = {isa = PBXFileReference; explicitFileType = wrapper.cfbundle; includeInIndex = 0; path = DDTCPClientTests.xctest; sourceTree = BUILT_PRODUCTS_DIR; };
		3DB790FE20427B2E00D56BBD /* DDTCPClientTests.m */ = {isa = PBXFileReference; lastKnownFileType = sourcecode.c.objc; path = DDTCPClientTests.m; sourceTree = "<group>"; };
		3DB7910020427B2E00D56BBD /* Info.plist */ = {isa = PBXFileReference; lastKnownFileType = text.plist.xml; path = Info.plist; sourceTree = "<group>"; };
		3DB7910520427B2E00D56BBD /* DDTCPClientUITests.xctest */ = {isa = PBXFileReference; explicitFileType = wrapper.cfbundle; includeInIndex = 0; path = DDTCPClientUITests.xctest; sourceTree = BUILT_PRODUCTS_DIR; };
		3DB7910920427B2E00D56BBD /* DDTCPClientUITests.m */ = {isa = PBXFileReference; lastKnownFileType = sourcecode.c.objc; path = DDTCPClientUITests.m; sourceTree = "<group>"; };
		3DB7910B20427B2E00D56BBD /* Info.plist */ = {isa = PBXFileReference; lastKnownFileType = text.plist.xml; path = Info.plist; sourceTree = "<group>"; };
		7DED8F1C495639277A804642 /* Pods-DDTCPClient.debug.xcconfig */ = {isa = PBXFileReference; includeInIndex = 1; lastKnownFileType = text.xcconfig; name = "Pods-DDTCPClient.debug.xcconfig"; path = "Pods/Target Support Files/Pods-DDTCPClient/Pods-DDTCPClient.debug.xcconfig"; sourceTree = "<group>"; };
/* End PBXFileReference section */

/* Begin PBXFrameworksBuildPhase section */
		3DB790DF20427B2E00D56BBD /* Frameworks */ = {
			isa = PBXFrameworksBuildPhase;
			buildActionMask = 2147483647;
			files = (
				6B3BCB4F93AC9CA1DAEE61A6 /* libPods-DDTCPClient.a in Frameworks */,
			);
			runOnlyForDeploymentPostprocessing = 0;
		};
		3DB790F720427B2E00D56BBD /* Frameworks */ = {
			isa = PBXFrameworksBuildPhase;
			buildActionMask = 2147483647;
			files = (
			);
			runOnlyForDeploymentPostprocessing = 0;
		};
		3DB7910220427B2E00D56BBD /* Frameworks */ = {
			isa = PBXFrameworksBuildPhase;
			buildActionMask = 2147483647;
			files = (
			);
			runOnlyForDeploymentPostprocessing = 0;
		};
/* End PBXFrameworksBuildPhase section */

/* Begin PBXGroup section */
		3DA9DC4F204FE40100DA934E /* Source */ = {
			isa = PBXGroup;
			children = (
				3DA9DC50204FE40100DA934E /* DDTCPClient */,
			);
			path = Source;
			sourceTree = "<group>";
		};
		3DA9DC50204FE40100DA934E /* DDTCPClient */ = {
			isa = PBXGroup;
			children = (
				3DA9DC51204FE40100DA934E /* DDAsyncSocket.h */,
				3DA9DC52204FE40100DA934E /* DDAsyncSocket.m */,
				3DA9DC53204FE40100DA934E /* DDTCPClient.h */,
				3DA9DC54204FE40100DA934E /* DDTCPClient.m */,
				3DA9DC55204FE40100DA934E /* GCDAsyncSocket */,
			);
			path = DDTCPClient;
			sourceTree = "<group>";
		};
		3DA9DC55204FE40100DA934E /* GCDAsyncSocket */ = {
			isa = PBXGroup;
			children = (
				3DA9DC56204FE40100DA934E /* GCDAsyncSocket.h */,
				3DA9DC57204FE40100DA934E /* GCDAsyncSocket.m */,
				3DA9DC58204FE40100DA934E /* GCDAsyncUdpSocket.h */,
				3DA9DC59204FE40100DA934E /* GCDAsyncUdpSocket.m */,
			);
			path = GCDAsyncSocket;
			sourceTree = "<group>";
		};
		3DB790D920427B2E00D56BBD = {
			isa = PBXGroup;
			children = (
				3DA9DC4F204FE40100DA934E /* Source */,
				3DB790E420427B2E00D56BBD /* DDTCPClient */,
				3DB790FD20427B2E00D56BBD /* DDTCPClientTests */,
				3DB7910820427B2E00D56BBD /* DDTCPClientUITests */,
				3DB790E320427B2E00D56BBD /* Products */,
				485CB4DB7D09131CDC4345BD /* Pods */,
				FF40B7564ADF37463621F761 /* Frameworks */,
			);
			sourceTree = "<group>";
		};
		3DB790E320427B2E00D56BBD /* Products */ = {
			isa = PBXGroup;
			children = (
				3DB790E220427B2E00D56BBD /* DDTCPClient.app */,
				3DB790FA20427B2E00D56BBD /* DDTCPClientTests.xctest */,
				3DB7910520427B2E00D56BBD /* DDTCPClientUITests.xctest */,
			);
			name = Products;
			sourceTree = "<group>";
		};
		3DB790E420427B2E00D56BBD /* DDTCPClient */ = {
			isa = PBXGroup;
			children = (
				3DB790E520427B2E00D56BBD /* AppDelegate.h */,
				3DB790E620427B2E00D56BBD /* AppDelegate.m */,
				3DB790E820427B2E00D56BBD /* ViewController.h */,
				3DB790E920427B2E00D56BBD /* ViewController.m */,
				3DB790EB20427B2E00D56BBD /* Main.storyboard */,
				3DB790EE20427B2E00D56BBD /* Assets.xcassets */,
				3DB790F020427B2E00D56BBD /* LaunchScreen.storyboard */,
				3DB790F320427B2E00D56BBD /* Info.plist */,
				3DB790F420427B2E00D56BBD /* main.m */,
			);
			path = DDTCPClient;
			sourceTree = "<group>";
		};
		3DB790FD20427B2E00D56BBD /* DDTCPClientTests */ = {
			isa = PBXGroup;
			children = (
				3DB790FE20427B2E00D56BBD /* DDTCPClientTests.m */,
				3DB7910020427B2E00D56BBD /* Info.plist */,
			);
			path = DDTCPClientTests;
			sourceTree = "<group>";
		};
		3DB7910820427B2E00D56BBD /* DDTCPClientUITests */ = {
			isa = PBXGroup;
			children = (
				3DB7910920427B2E00D56BBD /* DDTCPClientUITests.m */,
				3DB7910B20427B2E00D56BBD /* Info.plist */,
			);
			path = DDTCPClientUITests;
			sourceTree = "<group>";
		};
		485CB4DB7D09131CDC4345BD /* Pods */ = {
			isa = PBXGroup;
			children = (
				7DED8F1C495639277A804642 /* Pods-DDTCPClient.debug.xcconfig */,
				1AC64F6715D5F53CBF4EFA06 /* Pods-DDTCPClient.release.xcconfig */,
			);
			name = Pods;
			sourceTree = "<group>";
		};
		FF40B7564ADF37463621F761 /* Frameworks */ = {
			isa = PBXGroup;
			children = (
				0710BC976C60C09D6BD1299A /* libPods-DDTCPClient.a */,
			);
			name = Frameworks;
			sourceTree = "<group>";
		};
/* End PBXGroup section */

/* Begin PBXNativeTarget section */
		3DB790E120427B2E00D56BBD /* DDTCPClient */ = {
			isa = PBXNativeTarget;
			buildConfigurationList = 3DB7910E20427B2E00D56BBD /* Build configuration list for PBXNativeTarget "DDTCPClient" */;
			buildPhases = (
				6F97E732D20CA8C9F4D7A426 /* [CP] Check Pods Manifest.lock */,
				3DB790DE20427B2E00D56BBD /* Sources */,
				3DB790DF20427B2E00D56BBD /* Frameworks */,
				3DB790E020427B2E00D56BBD /* Resources */,
				F93B7084F215EF5D69D0F6C6 /* [CP] Embed Pods Frameworks */,
				88026726FB6B61EA511D1375 /* [CP] Copy Pods Resources */,
			);
			buildRules = (
			);
			dependencies = (
			);
			name = DDTCPClient;
			productName = DDTCPClient;
			productReference = 3DB790E220427B2E00D56BBD /* DDTCPClient.app */;
			productType = "com.apple.product-type.application";
		};
		3DB790F920427B2E00D56BBD /* DDTCPClientTests */ = {
			isa = PBXNativeTarget;
			buildConfigurationList = 3DB7911120427B2E00D56BBD /* Build configuration list for PBXNativeTarget "DDTCPClientTests" */;
			buildPhases = (
				3DB790F620427B2E00D56BBD /* Sources */,
				3DB790F720427B2E00D56BBD /* Frameworks */,
				3DB790F820427B2E00D56BBD /* Resources */,
			);
			buildRules = (
			);
			dependencies = (
				3DB790FC20427B2E00D56BBD /* PBXTargetDependency */,
			);
			name = DDTCPClientTests;
			productName = DDTCPClientTests;
			productReference = 3DB790FA20427B2E00D56BBD /* DDTCPClientTests.xctest */;
			productType = "com.apple.product-type.bundle.unit-test";
		};
		3DB7910420427B2E00D56BBD /* DDTCPClientUITests */ = {
			isa = PBXNativeTarget;
			buildConfigurationList = 3DB7911420427B2E00D56BBD /* Build configuration list for PBXNativeTarget "DDTCPClientUITests" */;
			buildPhases = (
				3DB7910120427B2E00D56BBD /* Sources */,
				3DB7910220427B2E00D56BBD /* Frameworks */,
				3DB7910320427B2E00D56BBD /* Resources */,
			);
			buildRules = (
			);
			dependencies = (
				3DB7910720427B2E00D56BBD /* PBXTargetDependency */,
			);
			name = DDTCPClientUITests;
			productName = DDTCPClientUITests;
			productReference = 3DB7910520427B2E00D56BBD /* DDTCPClientUITests.xctest */;
			productType = "com.apple.product-type.bundle.ui-testing";
		};
/* End PBXNativeTarget section */

/* Begin PBXProject section */
		3DB790DA20427B2E00D56BBD /* Project object */ = {
			isa = PBXProject;
			attributes = {
				LastUpgradeCheck = 0910;
				ORGANIZATIONNAME = longxdragon;
				TargetAttributes = {
					3DB790E120427B2E00D56BBD = {
						CreatedOnToolsVersion = 9.1;
						ProvisioningStyle = Manual;
					};
					3DB790F920427B2E00D56BBD = {
						CreatedOnToolsVersion = 9.1;
						ProvisioningStyle = Automatic;
						TestTargetID = 3DB790E120427B2E00D56BBD;
					};
					3DB7910420427B2E00D56BBD = {
						CreatedOnToolsVersion = 9.1;
						ProvisioningStyle = Automatic;
						TestTargetID = 3DB790E120427B2E00D56BBD;
					};
				};
			};
			buildConfigurationList = 3DB790DD20427B2E00D56BBD /* Build configuration list for PBXProject "DDTCPClient" */;
			compatibilityVersion = "Xcode 8.0";
			developmentRegion = en;
			hasScannedForEncodings = 0;
			knownRegions = (
				en,
				Base,
			);
			mainGroup = 3DB790D920427B2E00D56BBD;
			productRefGroup = 3DB790E320427B2E00D56BBD /* Products */;
			projectDirPath = "";
			projectRoot = "";
			targets = (
				3DB790E120427B2E00D56BBD /* DDTCPClient */,
				3DB790F920427B2E00D56BBD /* DDTCPClientTests */,
				3DB7910420427B2E00D56BBD /* DDTCPClientUITests */,
			);
		};
/* End PBXProject section */

/* Begin PBXResourcesBuildPhase section */
		3DB790E020427B2E00D56BBD /* Resources */ = {
			isa = PBXResourcesBuildPhase;
			buildActionMask = 2147483647;
			files = (
				3DB790F220427B2E00D56BBD /* LaunchScreen.storyboard in Resources */,
				3DB790EF20427B2E00D56BBD /* Assets.xcassets in Resources */,
				3DB790ED20427B2E00D56BBD /* Main.storyboard in Resources */,
			);
			runOnlyForDeploymentPostprocessing = 0;
		};
		3DB790F820427B2E00D56BBD /* Resources */ = {
			isa = PBXResourcesBuildPhase;
			buildActionMask = 2147483647;
			files = (
			);
			runOnlyForDeploymentPostprocessing = 0;
		};
		3DB7910320427B2E00D56BBD /* Resources */ = {
			isa = PBXResourcesBuildPhase;
			buildActionMask = 2147483647;
			files = (
			);
			runOnlyForDeploymentPostprocessing = 0;
		};
/* End PBXResourcesBuildPhase section */

/* Begin PBXShellScriptBuildPhase section */
		6F97E732D20CA8C9F4D7A426 /* [CP] Check Pods Manifest.lock */ = {
			isa = PBXShellScriptBuildPhase;
			buildActionMask = 2147483647;
			files = (
			);
			inputPaths = (
				"${PODS_PODFILE_DIR_PATH}/Podfile.lock",
				"${PODS_ROOT}/Manifest.lock",
			);
			name = "[CP] Check Pods Manifest.lock";
			outputPaths = (
				"$(DERIVED_FILE_DIR)/Pods-DDTCPClient-checkManifestLockResult.txt",
			);
			runOnlyForDeploymentPostprocessing = 0;
			shellPath = /bin/sh;
			shellScript = "diff \"${PODS_PODFILE_DIR_PATH}/Podfile.lock\" \"${PODS_ROOT}/Manifest.lock\" > /dev/null\nif [ $? != 0 ] ; then\n    # print error to STDERR\n    echo \"error: The sandbox is not in sync with the Podfile.lock. Run 'pod install' or update your CocoaPods installation.\" >&2\n    exit 1\nfi\n# This output is used by Xcode 'outputs' to avoid re-running this script phase.\necho \"SUCCESS\" > \"${SCRIPT_OUTPUT_FILE_0}\"\n";
			showEnvVarsInLog = 0;
		};
		88026726FB6B61EA511D1375 /* [CP] Copy Pods Resources */ = {
			isa = PBXShellScriptBuildPhase;
			buildActionMask = 2147483647;
			files = (
			);
			inputPaths = (
			);
			name = "[CP] Copy Pods Resources";
			outputPaths = (
			);
			runOnlyForDeploymentPostprocessing = 0;
			shellPath = /bin/sh;
			shellScript = "\"${SRCROOT}/Pods/Target Support Files/Pods-DDTCPClient/Pods-DDTCPClient-resources.sh\"\n";
			showEnvVarsInLog = 0;
		};
		F93B7084F215EF5D69D0F6C6 /* [CP] Embed Pods Frameworks */ = {
			isa = PBXShellScriptBuildPhase;
			buildActionMask = 2147483647;
			files = (
			);
			inputPaths = (
			);
			name = "[CP] Embed Pods Frameworks";
			outputPaths = (
			);
			runOnlyForDeploymentPostprocessing = 0;
			shellPath = /bin/sh;
			shellScript = "\"${SRCROOT}/Pods/Target Support Files/Pods-DDTCPClient/Pods-DDTCPClient-frameworks.sh\"\n";
			showEnvVarsInLog = 0;
		};
/* End PBXShellScriptBuildPhase section */

/* Begin PBXSourcesBuildPhase section */
		3DB790DE20427B2E00D56BBD /* Sources */ = {
			isa = PBXSourcesBuildPhase;
			buildActionMask = 2147483647;
			files = (
				3DA9DC5C204FE40100DA934E /* GCDAsyncSocket.m in Sources */,
				3DB790EA20427B2E00D56BBD /* ViewController.m in Sources */,
				3DA9DC5A204FE40100DA934E /* DDAsyncSocket.m in Sources */,
				3DB790F520427B2E00D56BBD /* main.m in Sources */,
				3DA9DC5D204FE40100DA934E /* GCDAsyncUdpSocket.m in Sources */,
				3DB790E720427B2E00D56BBD /* AppDelegate.m in Sources */,
				3DA9DC5B204FE40100DA934E /* DDTCPClient.m in Sources */,
			);
			runOnlyForDeploymentPostprocessing = 0;
		};
		3DB790F620427B2E00D56BBD /* Sources */ = {
			isa = PBXSourcesBuildPhase;
			buildActionMask = 2147483647;
			files = (
				3DB790FF20427B2E00D56BBD /* DDTCPClientTests.m in Sources */,
			);
			runOnlyForDeploymentPostprocessing = 0;
		};
		3DB7910120427B2E00D56BBD /* Sources */ = {
			isa = PBXSourcesBuildPhase;
			buildActionMask = 2147483647;
			files = (
				3DB7910A20427B2E00D56BBD /* DDTCPClientUITests.m in Sources */,
			);
			runOnlyForDeploymentPostprocessing = 0;
		};
/* End PBXSourcesBuildPhase section */

/* Begin PBXTargetDependency section */
		3DB790FC20427B2E00D56BBD /* PBXTargetDependency */ = {
			isa = PBXTargetDependency;
			target = 3DB790E120427B2E00D56BBD /* DDTCPClient */;
			targetProxy = 3DB790FB20427B2E00D56BBD /* PBXContainerItemProxy */;
		};
		3DB7910720427B2E00D56BBD /* PBXTargetDependency */ = {
			isa = PBXTargetDependency;
			target = 3DB790E120427B2E00D56BBD /* DDTCPClient */;
			targetProxy = 3DB7910620427B2E00D56BBD /* PBXContainerItemProxy */;
		};
/* End PBXTargetDependency section */

/* Begin PBXVariantGroup section */
		3DB790EB20427B2E00D56BBD /* Main.storyboard */ = {
			isa = PBXVariantGroup;
			children = (
				3DB790EC20427B2E00D56BBD /* Base */,
			);
			name = Main.storyboard;
			sourceTree = "<group>";
		};
		3DB790F020427B2E00D56BBD /* LaunchScreen.storyboard */ = {
			isa = PBXVariantGroup;
			children = (
				3DB790F120427B2E00D56BBD /* Base */,
			);
			name = LaunchScreen.storyboard;
			sourceTree = "<group>";
		};
/* End PBXVariantGroup section */

/* Begin XCBuildConfiguration section */
		3DB7910C20427B2E00D56BBD /* Debug */ = {
			isa = XCBuildConfiguration;
			buildSettings = {
				ALWAYS_SEARCH_USER_PATHS = NO;
				CLANG_ANALYZER_NONNULL = YES;
				CLANG_ANALYZER_NUMBER_OBJECT_CONVERSION = YES_AGGRESSIVE;
				CLANG_CXX_LANGUAGE_STANDARD = "gnu++14";
				CLANG_CXX_LIBRARY = "libc++";
				CLANG_ENABLE_MODULES = YES;
				CLANG_ENABLE_OBJC_ARC = YES;
				CLANG_WARN_BLOCK_CAPTURE_AUTORELEASING = YES;
				CLANG_WARN_BOOL_CONVERSION = YES;
				CLANG_WARN_COMMA = YES;
				CLANG_WARN_CONSTANT_CONVERSION = YES;
				CLANG_WARN_DIRECT_OBJC_ISA_USAGE = YES_ERROR;
				CLANG_WARN_DOCUMENTATION_COMMENTS = YES;
				CLANG_WARN_EMPTY_BODY = YES;
				CLANG_WARN_ENUM_CONVERSION = YES;
				CLANG_WARN_INFINITE_RECURSION = YES;
				CLANG_WARN_INT_CONVERSION = YES;
				CLANG_WARN_NON_LITERAL_NULL_CONVERSION = YES;
				CLANG_WARN_OBJC_LITERAL_CONVERSION = YES;
				CLANG_WARN_OBJC_ROOT_CLASS = YES_ERROR;
				CLANG_WARN_RANGE_LOOP_ANALYSIS = YES;
				CLANG_WARN_STRICT_PROTOTYPES = YES;
				CLANG_WARN_SUSPICIOUS_MOVE = YES;
				CLANG_WARN_UNGUARDED_AVAILABILITY = YES_AGGRESSIVE;
				CLANG_WARN_UNREACHABLE_CODE = YES;
				CLANG_WARN__DUPLICATE_METHOD_MATCH = YES;
				CODE_SIGN_IDENTITY = "iPhone Developer";
				COPY_PHASE_STRIP = NO;
				DEBUG_INFORMATION_FORMAT = dwarf;
				ENABLE_STRICT_OBJC_MSGSEND = YES;
				ENABLE_TESTABILITY = YES;
				GCC_C_LANGUAGE_STANDARD = gnu11;
				GCC_DYNAMIC_NO_PIC = NO;
				GCC_NO_COMMON_BLOCKS = YES;
				GCC_OPTIMIZATION_LEVEL = 0;
				GCC_PREPROCESSOR_DEFINITIONS = (
					"DEBUG=1",
					"$(inherited)",
				);
				GCC_WARN_64_TO_32_BIT_CONVERSION = YES;
				GCC_WARN_ABOUT_RETURN_TYPE = YES_ERROR;
				GCC_WARN_UNDECLARED_SELECTOR = YES;
				GCC_WARN_UNINITIALIZED_AUTOS = YES_AGGRESSIVE;
				GCC_WARN_UNUSED_FUNCTION = YES;
				GCC_WARN_UNUSED_VARIABLE = YES;
				IPHONEOS_DEPLOYMENT_TARGET = 11.1;
				MTL_ENABLE_DEBUG_INFO = YES;
				ONLY_ACTIVE_ARCH = YES;
				SDKROOT = iphoneos;
			};
			name = Debug;
		};
		3DB7910D20427B2E00D56BBD /* Release */ = {
			isa = XCBuildConfiguration;
			buildSettings = {
				ALWAYS_SEARCH_USER_PATHS = NO;
				CLANG_ANALYZER_NONNULL = YES;
				CLANG_ANALYZER_NUMBER_OBJECT_CONVERSION = YES_AGGRESSIVE;
				CLANG_CXX_LANGUAGE_STANDARD = "gnu++14";
				CLANG_CXX_LIBRARY = "libc++";
				CLANG_ENABLE_MODULES = YES;
				CLANG_ENABLE_OBJC_ARC = YES;
				CLANG_WARN_BLOCK_CAPTURE_AUTORELEASING = YES;
				CLANG_WARN_BOOL_CONVERSION = YES;
				CLANG_WARN_COMMA = YES;
				CLANG_WARN_CONSTANT_CONVERSION = YES;
				CLANG_WARN_DIRECT_OBJC_ISA_USAGE = YES_ERROR;
				CLANG_WARN_DOCUMENTATION_COMMENTS = YES;
				CLANG_WARN_EMPTY_BODY = YES;
				CLANG_WARN_ENUM_CONVERSION = YES;
				CLANG_WARN_INFINITE_RECURSION = YES;
				CLANG_WARN_INT_CONVERSION = YES;
				CLANG_WARN_NON_LITERAL_NULL_CONVERSION = YES;
				CLANG_WARN_OBJC_LITERAL_CONVERSION = YES;
				CLANG_WARN_OBJC_ROOT_CLASS = YES_ERROR;
				CLANG_WARN_RANGE_LOOP_ANALYSIS = YES;
				CLANG_WARN_STRICT_PROTOTYPES = YES;
				CLANG_WARN_SUSPICIOUS_MOVE = YES;
				CLANG_WARN_UNGUARDED_AVAILABILITY = YES_AGGRESSIVE;
				CLANG_WARN_UNREACHABLE_CODE = YES;
				CLANG_WARN__DUPLICATE_METHOD_MATCH = YES;
				CODE_SIGN_IDENTITY = "iPhone Developer";
				COPY_PHASE_STRIP = NO;
				DEBUG_INFORMATION_FORMAT = "dwarf-with-dsym";
				ENABLE_NS_ASSERTIONS = NO;
				ENABLE_STRICT_OBJC_MSGSEND = YES;
				GCC_C_LANGUAGE_STANDARD = gnu11;
				GCC_NO_COMMON_BLOCKS = YES;
				GCC_WARN_64_TO_32_BIT_CONVERSION = YES;
				GCC_WARN_ABOUT_RETURN_TYPE = YES_ERROR;
				GCC_WARN_UNDECLARED_SELECTOR = YES;
				GCC_WARN_UNINITIALIZED_AUTOS = YES_AGGRESSIVE;
				GCC_WARN_UNUSED_FUNCTION = YES;
				GCC_WARN_UNUSED_VARIABLE = YES;
				IPHONEOS_DEPLOYMENT_TARGET = 11.1;
				MTL_ENABLE_DEBUG_INFO = NO;
				SDKROOT = iphoneos;
				VALIDATE_PRODUCT = YES;
			};
			name = Release;
		};
		3DB7910F20427B2E00D56BBD /* Debug */ = {
			isa = XCBuildConfiguration;
			baseConfigurationReference = 7DED8F1C495639277A804642 /* Pods-DDTCPClient.debug.xcconfig */;
			buildSettings = {
				ASSETCATALOG_COMPILER_APPICON_NAME = AppIcon;
				CODE_SIGN_STYLE = Manual;
				DEVELOPMENT_TEAM = LSNK2KBR64;
				ENABLE_BITCODE = NO;
				INFOPLIST_FILE = DDTCPClient/Info.plist;
				LD_RUNPATH_SEARCH_PATHS = "$(inherited) @executable_path/Frameworks";
				PRODUCT_BUNDLE_IDENTIFIER = com.finance.sojex;
				PRODUCT_NAME = "$(TARGET_NAME)";
				PROVISIONING_PROFILE = "6f3dd4aa-398d-46d1-8e43-a58281411a40";
				PROVISIONING_PROFILE_SPECIFIER = "Development:com.finance.sojex";
				TARGETED_DEVICE_FAMILY = "1,2";
			};
			name = Debug;
		};
		3DB7911020427B2E00D56BBD /* Release */ = {
			isa = XCBuildConfiguration;
			baseConfigurationReference = 1AC64F6715D5F53CBF4EFA06 /* Pods-DDTCPClient.release.xcconfig */;
			buildSettings = {
				ASSETCATALOG_COMPILER_APPICON_NAME = AppIcon;
				CODE_SIGN_STYLE = Manual;
				DEVELOPMENT_TEAM = LSNK2KBR64;
				ENABLE_BITCODE = NO;
				INFOPLIST_FILE = DDTCPClient/Info.plist;
				LD_RUNPATH_SEARCH_PATHS = "$(inherited) @executable_path/Frameworks";
				PRODUCT_BUNDLE_IDENTIFIER = com.finance.sojex;
				PRODUCT_NAME = "$(TARGET_NAME)";
				PROVISIONING_PROFILE = "6f3dd4aa-398d-46d1-8e43-a58281411a40";
				PROVISIONING_PROFILE_SPECIFIER = "Development:com.finance.sojex";
				TARGETED_DEVICE_FAMILY = "1,2";
			};
			name = Release;
		};
		3DB7911220427B2E00D56BBD /* Debug */ = {
			isa = XCBuildConfiguration;
			buildSettings = {
				BUNDLE_LOADER = "$(TEST_HOST)";
				CODE_SIGN_STYLE = Automatic;
				INFOPLIST_FILE = DDTCPClientTests/Info.plist;
				LD_RUNPATH_SEARCH_PATHS = "$(inherited) @executable_path/Frameworks @loader_path/Frameworks";
				PRODUCT_BUNDLE_IDENTIFIER = com.longxdragon.DDTCPClientTests;
				PRODUCT_NAME = "$(TARGET_NAME)";
				TARGETED_DEVICE_FAMILY = "1,2";
				TEST_HOST = "$(BUILT_PRODUCTS_DIR)/DDTCPClient.app/DDTCPClient";
			};
			name = Debug;
		};
		3DB7911320427B2E00D56BBD /* Release */ = {
			isa = XCBuildConfiguration;
			buildSettings = {
				BUNDLE_LOADER = "$(TEST_HOST)";
				CODE_SIGN_STYLE = Automatic;
				INFOPLIST_FILE = DDTCPClientTests/Info.plist;
				LD_RUNPATH_SEARCH_PATHS = "$(inherited) @executable_path/Frameworks @loader_path/Frameworks";
				PRODUCT_BUNDLE_IDENTIFIER = com.longxdragon.DDTCPClientTests;
				PRODUCT_NAME = "$(TARGET_NAME)";
				TARGETED_DEVICE_FAMILY = "1,2";
				TEST_HOST = "$(BUILT_PRODUCTS_DIR)/DDTCPClient.app/DDTCPClient";
			};
			name = Release;
		};
		3DB7911520427B2E00D56BBD /* Debug */ = {
			isa = XCBuildConfiguration;
			buildSettings = {
				CODE_SIGN_STYLE = Automatic;
				INFOPLIST_FILE = DDTCPClientUITests/Info.plist;
				LD_RUNPATH_SEARCH_PATHS = "$(inherited) @executable_path/Frameworks @loader_path/Frameworks";
				PRODUCT_BUNDLE_IDENTIFIER = com.longxdragon.DDTCPClientUITests;
				PRODUCT_NAME = "$(TARGET_NAME)";
				TARGETED_DEVICE_FAMILY = "1,2";
				TEST_TARGET_NAME = DDTCPClient;
			};
			name = Debug;
		};
		3DB7911620427B2E00D56BBD /* Release */ = {
			isa = XCBuildConfiguration;
			buildSettings = {
				CODE_SIGN_STYLE = Automatic;
				INFOPLIST_FILE = DDTCPClientUITests/Info.plist;
				LD_RUNPATH_SEARCH_PATHS = "$(inherited) @executable_path/Frameworks @loader_path/Frameworks";
				PRODUCT_BUNDLE_IDENTIFIER = com.longxdragon.DDTCPClientUITests;
				PRODUCT_NAME = "$(TARGET_NAME)";
				TARGETED_DEVICE_FAMILY = "1,2";
				TEST_TARGET_NAME = DDTCPClient;
			};
			name = Release;
		};
/* End XCBuildConfiguration section */

/* Begin XCConfigurationList section */
		3DB790DD20427B2E00D56BBD /* Build configuration list for PBXProject "DDTCPClient" */ = {
			isa = XCConfigurationList;
			buildConfigurations = (
				3DB7910C20427B2E00D56BBD /* Debug */,
				3DB7910D20427B2E00D56BBD /* Release */,
			);
			defaultConfigurationIsVisible = 0;
			defaultConfigurationName = Release;
		};
		3DB7910E20427B2E00D56BBD /* Build configuration list for PBXNativeTarget "DDTCPClient" */ = {
			isa = XCConfigurationList;
			buildConfigurations = (
				3DB7910F20427B2E00D56BBD /* Debug */,
				3DB7911020427B2E00D56BBD /* Release */,
			);
			defaultConfigurationIsVisible = 0;
			defaultConfigurationName = Release;
		};
		3DB7911120427B2E00D56BBD /* Build configuration list for PBXNativeTarget "DDTCPClientTests" */ = {
			isa = XCConfigurationList;
			buildConfigurations = (
				3DB7911220427B2E00D56BBD /* Debug */,
				3DB7911320427B2E00D56BBD /* Release */,
			);
			defaultConfigurationIsVisible = 0;
			defaultConfigurationName = Release;
		};
		3DB7911420427B2E00D56BBD /* Build configuration list for PBXNativeTarget "DDTCPClientUITests" */ = {
			isa = XCConfigurationList;
			buildConfigurations = (
				3DB7911520427B2E00D56BBD /* Debug */,
				3DB7911620427B2E00D56BBD /* Release */,
			);
			defaultConfigurationIsVisible = 0;
			defaultConfigurationName = Release;
		};
/* End XCConfigurationList section */
	};
	rootObject = 3DB790DA20427B2E00D56BBD /* Project object */;
}
