PODS:
  - CocoaAsyncSocket (7.6.2)

DEPENDENCIES:
  - CocoaAsyncSocket (~> 7.6.2)

SPEC REPOS:
  https://github.com/CocoaPods/Specs.git:
    - CocoaAsyncSocket

SPEC CHECKSUMS:
  CocoaAsyncSocket: 3541e024f48c54b251638ef72d51dd42808de932

PODFILE CHECKSUM: f27b6a5021be6450b3254a1af64ab5d7f1240fa2

COCOAPODS: 1.9.0
