PODS:
  - CocoaAsyncSocket (7.6.2)
  - Reachability (3.2)

DEPENDENCIES:
  - CocoaAsyncSocket (~> 7.6.2)
  - Reachability

SPEC CHECKSUMS:
  CocoaAsyncSocket: 3541e024f48c54b251638ef72d51dd42808de932
  Reachability: 33e18b67625424e47b6cde6d202dce689ad7af96

PODFILE CHECKSUM: e33bdbacd9999a163b756565570f1543c6a156d7

COCOAPODS: 1.4.0
